
Microsoft Visual Studio Solution File, Format Version 12.00
# Visual Studio 2015
Project("{FAE04EC0-301F-11D3-BF4B-00C04F79EFBC}") = "Unity3DWoW.Plugins", "Unity3DWoW.Plugins.csproj", "{64CD1D61-6CDF-4AC6-A42A-7D1D080C8896}"
EndProject
Project("{FAE04EC0-301F-11D3-BF4B-00C04F79EFBC}") = "Unity3DWoW", "Unity3DWoW.csproj", "{71F555F5-9E4C-788E-8594-61FCC4FD1090}"
EndProject
Project("{FAE04EC0-301F-11D3-BF4B-00C04F79EFBC}") = "Unity3DWoW.Editor.Plugins", "Unity3DWoW.Editor.Plugins.csproj", "{60A4C019-A48E-38CF-CE30-85404095F185}"
EndProject
Global
	GlobalSection(SolutionConfigurationPlatforms) = preSolution
		Debug|Any CPU = Debug|Any CPU
		Release|Any CPU = Release|Any CPU
	EndGlobalSection
	GlobalSection(ProjectConfigurationPlatforms) = postSolution
		{64CD1D61-6CDF-4AC6-A42A-7D1D080C8896}.Debug|Any CPU.ActiveCfg = Debug|Any CPU
		{64CD1D61-6CDF-4AC6-A42A-7D1D080C8896}.Debug|Any CPU.Build.0 = Debug|Any CPU
		{64CD1D61-6CDF-4AC6-A42A-7D1D080C8896}.Release|Any CPU.ActiveCfg = Release|Any CPU
		{64CD1D61-6CDF-4AC6-A42A-7D1D080C8896}.Release|Any CPU.Build.0 = Release|Any CPU
		{71F555F5-9E4C-788E-8594-61FCC4FD1090}.Debug|Any CPU.ActiveCfg = Debug|Any CPU
		{71F555F5-9E4C-788E-8594-61FCC4FD1090}.Debug|Any CPU.Build.0 = Debug|Any CPU
		{71F555F5-9E4C-788E-8594-61FCC4FD1090}.Release|Any CPU.ActiveCfg = Release|Any CPU
		{71F555F5-9E4C-788E-8594-61FCC4FD1090}.Release|Any CPU.Build.0 = Release|Any CPU
		{60A4C019-A48E-38CF-CE30-85404095F185}.Debug|Any CPU.ActiveCfg = Debug|Any CPU
		{60A4C019-A48E-38CF-CE30-85404095F185}.Debug|Any CPU.Build.0 = Debug|Any CPU
		{60A4C019-A48E-38CF-CE30-85404095F185}.Release|Any CPU.ActiveCfg = Release|Any CPU
		{60A4C019-A48E-38CF-CE30-85404095F185}.Release|Any CPU.Build.0 = Release|Any CPU
	EndGlobalSection
	GlobalSection(SolutionProperties) = preSolution
		HideSolutionNode = FALSE
	EndGlobalSection
EndGlobal
